
Microsoft Visual Studio Solution File, Format Version 12.00
# Visual Studio Version 17
VisualStudioVersion = 17.3.32929.385
MinimumVisualStudioVersion = 10.0.40219.1
Project("{FAE04EC0-301F-11D3-BF4B-00C04F79EFBC}") = "Exercicio_Interface", "Exercicio_Interface.csproj", "{5C9924EB-4A11-4EB1-8299-A87FC3F16660}"
EndProject
Global
	GlobalSection(SolutionConfigurationPlatforms) = preSolution
		Debug|Any CPU = Debug|Any CPU
		Release|Any CPU = Release|Any CPU
	EndGlobalSection
	GlobalSection(ProjectConfigurationPlatforms) = postSolution
		{5C9924EB-4A11-4EB1-8299-A87FC3F16660}.Debug|Any CPU.ActiveCfg = Debug|Any CPU
		{5C9924EB-4A11-4EB1-8299-A87FC3F16660}.Debug|Any CPU.Build.0 = Debug|Any CPU
		{5C9924EB-4A11-4EB1-8299-A87FC3F16660}.Release|Any CPU.ActiveCfg = Release|Any CPU
		{5C9924EB-4A11-4EB1-8299-A87FC3F16660}.Release|Any CPU.Build.0 = Release|Any CPU
	EndGlobalSection
	GlobalSection(SolutionProperties) = preSolution
		HideSolutionNode = FALSE
	EndGlobalSection
	GlobalSection(ExtensibilityGlobals) = postSolution
		SolutionGuid = {6925B16D-BA80-45F4-B24D-F84385C2ABCC}
	EndGlobalSection
EndGlobal
